
Microsoft Visual Studio Solution File, Format Version 12.00
# Visual Studio 2012
Project("{FAE04EC0-301F-11D3-BF4B-00C04F79EFBC}") = "EvolentHealthProject", "EvolentHealthProject\EvolentHealthProject.csproj", "{22051169-F187-4D90-A323-F8885D83DB69}"
EndProject
Project("{FAE04EC0-301F-11D3-BF4B-00C04F79EFBC}") = "EvolentMvcApp", "EvolentMvcApp\EvolentMvcApp.csproj", "{CC768CF9-73FA-46FA-8B09-DF057EBDA761}"
EndProject
Global
	GlobalSection(SolutionConfigurationPlatforms) = preSolution
		Debug|Any CPU = Debug|Any CPU
		Release|Any CPU = Release|Any CPU
	EndGlobalSection
	GlobalSection(ProjectConfigurationPlatforms) = postSolution
		{22051169-F187-4D90-A323-F8885D83DB69}.Debug|Any CPU.ActiveCfg = Debug|Any CPU
		{22051169-F187-4D90-A323-F8885D83DB69}.Debug|Any CPU.Build.0 = Debug|Any CPU
		{22051169-F187-4D90-A323-F8885D83DB69}.Release|Any CPU.ActiveCfg = Release|Any CPU
		{22051169-F187-4D90-A323-F8885D83DB69}.Release|Any CPU.Build.0 = Release|Any CPU
		{CC768CF9-73FA-46FA-8B09-DF057EBDA761}.Debug|Any CPU.ActiveCfg = Debug|Any CPU
		{CC768CF9-73FA-46FA-8B09-DF057EBDA761}.Debug|Any CPU.Build.0 = Debug|Any CPU
		{CC768CF9-73FA-46FA-8B09-DF057EBDA761}.Release|Any CPU.ActiveCfg = Release|Any CPU
		{CC768CF9-73FA-46FA-8B09-DF057EBDA761}.Release|Any CPU.Build.0 = Release|Any CPU
	EndGlobalSection
	GlobalSection(SolutionProperties) = preSolution
		HideSolutionNode = FALSE
	EndGlobalSection
EndGlobal
